
Microsoft Visual Studio Solution File, Format Version 12.00
# Visual Studio Version 17
VisualStudioVersion = 17.4.33103.184
MinimumVisualStudioVersion = 10.0.40219.1
Project("{2150E333-8FDC-42A3-9474-1A3956D46DE8}") = "Services", "Services", "{40746EDD-EE07-4E02-910A-44C9256EF487}"
EndProject
Project("{2150E333-8FDC-42A3-9474-1A3956D46DE8}") = "Catalog", "Catalog", "{45FAA56A-7F61-483F-B75D-D75AA5905E63}"
EndProject
Project("{9A19103F-16F7-4668-BE54-9A1E7A4F7556}") = "Catalog.API", "Services\Catalog\Catalog.API\Catalog.API.csproj", "{67C32D85-54CF-4072-851E-E34D6D71BCDC}"
EndProject
Project("{E53339B2-1760-4266-BCC7-CA923CBCF16C}") = "docker-compose", "docker-compose.dcproj", "{5887CC4C-0F1B-4BE6-99F4-64738817CACF}"
EndProject
Project("{2150E333-8FDC-42A3-9474-1A3956D46DE8}") = "Basket", "Basket", "{EBA93A4C-D9A3-4F35-AC9C-31C9C6D52DBF}"
EndProject
Project("{9A19103F-16F7-4668-BE54-9A1E7A4F7556}") = "Basket.API", "Services\Basket\Basket.API\Basket.API.csproj", "{C7514A12-D501-4F83-A684-749CBD39EE7E}"
EndProject
Project("{2150E333-8FDC-42A3-9474-1A3956D46DE8}") = "Discount", "Discount", "{034D3FA3-08C7-4C1E-9177-06EB164C1D39}"
EndProject
Project("{9A19103F-16F7-4668-BE54-9A1E7A4F7556}") = "Discount.API", "Services\Discount\Discount.API\Discount.API.csproj", "{1253EC5B-C43D-40F7-85C0-85295C7BFF50}"
EndProject
Project("{9A19103F-16F7-4668-BE54-9A1E7A4F7556}") = "Discount.Grpc", "Services\Discount\Discount.Grpc\Discount.Grpc.csproj", "{E2EEA327-650A-456E-8F68-5D1AF41C029F}"
EndProject
Project("{2150E333-8FDC-42A3-9474-1A3956D46DE8}") = "Order", "Order", "{220C29CA-8675-4CBF-A380-6B4A244ED161}"
EndProject
Project("{FAE04EC0-301F-11D3-BF4B-00C04F79EFBC}") = "Ordering.API", "Services\Order\Ordering.API\Ordering.API.csproj", "{327F640C-0F94-4160-B586-DB6A0D058E8C}"
EndProject
Project("{FAE04EC0-301F-11D3-BF4B-00C04F79EFBC}") = "Ordering.Domain", "Services\Order\Ordering.Domain\Ordering.Domain.csproj", "{5DAF2A0A-87DB-4132-9E6E-9BD734177234}"
EndProject
Project("{FAE04EC0-301F-11D3-BF4B-00C04F79EFBC}") = "Ordering.Application", "Services\Order\Ordering.Application\Ordering.Application.csproj", "{956F40DE-6655-49E2-BE54-0A74F6DDB533}"
EndProject
Project("{FAE04EC0-301F-11D3-BF4B-00C04F79EFBC}") = "Ordering.Infrastructure", "Services\Order\Ordering.Infrastructure\Ordering.Infrastructure.csproj", "{F174732D-5A22-44EC-9B99-91A028B4DAFE}"
EndProject
Global
	GlobalSection(SolutionConfigurationPlatforms) = preSolution
		Debug|Any CPU = Debug|Any CPU
		Release|Any CPU = Release|Any CPU
	EndGlobalSection
	GlobalSection(ProjectConfigurationPlatforms) = postSolution
		{67C32D85-54CF-4072-851E-E34D6D71BCDC}.Debug|Any CPU.ActiveCfg = Debug|Any CPU
		{67C32D85-54CF-4072-851E-E34D6D71BCDC}.Debug|Any CPU.Build.0 = Debug|Any CPU
		{67C32D85-54CF-4072-851E-E34D6D71BCDC}.Release|Any CPU.ActiveCfg = Release|Any CPU
		{67C32D85-54CF-4072-851E-E34D6D71BCDC}.Release|Any CPU.Build.0 = Release|Any CPU
		{5887CC4C-0F1B-4BE6-99F4-64738817CACF}.Debug|Any CPU.ActiveCfg = Debug|Any CPU
		{5887CC4C-0F1B-4BE6-99F4-64738817CACF}.Debug|Any CPU.Build.0 = Debug|Any CPU
		{5887CC4C-0F1B-4BE6-99F4-64738817CACF}.Release|Any CPU.ActiveCfg = Release|Any CPU
		{5887CC4C-0F1B-4BE6-99F4-64738817CACF}.Release|Any CPU.Build.0 = Release|Any CPU
		{C7514A12-D501-4F83-A684-749CBD39EE7E}.Debug|Any CPU.ActiveCfg = Debug|Any CPU
		{C7514A12-D501-4F83-A684-749CBD39EE7E}.Debug|Any CPU.Build.0 = Debug|Any CPU
		{C7514A12-D501-4F83-A684-749CBD39EE7E}.Release|Any CPU.ActiveCfg = Release|Any CPU
		{C7514A12-D501-4F83-A684-749CBD39EE7E}.Release|Any CPU.Build.0 = Release|Any CPU
		{1253EC5B-C43D-40F7-85C0-85295C7BFF50}.Debug|Any CPU.ActiveCfg = Debug|Any CPU
		{1253EC5B-C43D-40F7-85C0-85295C7BFF50}.Debug|Any CPU.Build.0 = Debug|Any CPU
		{1253EC5B-C43D-40F7-85C0-85295C7BFF50}.Release|Any CPU.ActiveCfg = Release|Any CPU
		{1253EC5B-C43D-40F7-85C0-85295C7BFF50}.Release|Any CPU.Build.0 = Release|Any CPU
		{E2EEA327-650A-456E-8F68-5D1AF41C029F}.Debug|Any CPU.ActiveCfg = Debug|Any CPU
		{E2EEA327-650A-456E-8F68-5D1AF41C029F}.Debug|Any CPU.Build.0 = Debug|Any CPU
		{E2EEA327-650A-456E-8F68-5D1AF41C029F}.Release|Any CPU.ActiveCfg = Release|Any CPU
		{E2EEA327-650A-456E-8F68-5D1AF41C029F}.Release|Any CPU.Build.0 = Release|Any CPU
		{327F640C-0F94-4160-B586-DB6A0D058E8C}.Debug|Any CPU.ActiveCfg = Debug|Any CPU
		{327F640C-0F94-4160-B586-DB6A0D058E8C}.Debug|Any CPU.Build.0 = Debug|Any CPU
		{327F640C-0F94-4160-B586-DB6A0D058E8C}.Release|Any CPU.ActiveCfg = Release|Any CPU
		{327F640C-0F94-4160-B586-DB6A0D058E8C}.Release|Any CPU.Build.0 = Release|Any CPU
		{5DAF2A0A-87DB-4132-9E6E-9BD734177234}.Debug|Any CPU.ActiveCfg = Debug|Any CPU
		{5DAF2A0A-87DB-4132-9E6E-9BD734177234}.Debug|Any CPU.Build.0 = Debug|Any CPU
		{5DAF2A0A-87DB-4132-9E6E-9BD734177234}.Release|Any CPU.ActiveCfg = Release|Any CPU
		{5DAF2A0A-87DB-4132-9E6E-9BD734177234}.Release|Any CPU.Build.0 = Release|Any CPU
		{956F40DE-6655-49E2-BE54-0A74F6DDB533}.Debug|Any CPU.ActiveCfg = Debug|Any CPU
		{956F40DE-6655-49E2-BE54-0A74F6DDB533}.Debug|Any CPU.Build.0 = Debug|Any CPU
		{956F40DE-6655-49E2-BE54-0A74F6DDB533}.Release|Any CPU.ActiveCfg = Release|Any CPU
		{956F40DE-6655-49E2-BE54-0A74F6DDB533}.Release|Any CPU.Build.0 = Release|Any CPU
		{F174732D-5A22-44EC-9B99-91A028B4DAFE}.Debug|Any CPU.ActiveCfg = Debug|Any CPU
		{F174732D-5A22-44EC-9B99-91A028B4DAFE}.Debug|Any CPU.Build.0 = Debug|Any CPU
		{F174732D-5A22-44EC-9B99-91A028B4DAFE}.Release|Any CPU.ActiveCfg = Release|Any CPU
		{F174732D-5A22-44EC-9B99-91A028B4DAFE}.Release|Any CPU.Build.0 = Release|Any CPU
	EndGlobalSection
	GlobalSection(SolutionProperties) = preSolution
		HideSolutionNode = FALSE
	EndGlobalSection
	GlobalSection(NestedProjects) = preSolution
		{45FAA56A-7F61-483F-B75D-D75AA5905E63} = {40746EDD-EE07-4E02-910A-44C9256EF487}
		{67C32D85-54CF-4072-851E-E34D6D71BCDC} = {45FAA56A-7F61-483F-B75D-D75AA5905E63}
		{EBA93A4C-D9A3-4F35-AC9C-31C9C6D52DBF} = {40746EDD-EE07-4E02-910A-44C9256EF487}
		{C7514A12-D501-4F83-A684-749CBD39EE7E} = {EBA93A4C-D9A3-4F35-AC9C-31C9C6D52DBF}
		{034D3FA3-08C7-4C1E-9177-06EB164C1D39} = {40746EDD-EE07-4E02-910A-44C9256EF487}
		{1253EC5B-C43D-40F7-85C0-85295C7BFF50} = {034D3FA3-08C7-4C1E-9177-06EB164C1D39}
		{E2EEA327-650A-456E-8F68-5D1AF41C029F} = {034D3FA3-08C7-4C1E-9177-06EB164C1D39}
		{220C29CA-8675-4CBF-A380-6B4A244ED161} = {40746EDD-EE07-4E02-910A-44C9256EF487}
		{327F640C-0F94-4160-B586-DB6A0D058E8C} = {220C29CA-8675-4CBF-A380-6B4A244ED161}
		{5DAF2A0A-87DB-4132-9E6E-9BD734177234} = {220C29CA-8675-4CBF-A380-6B4A244ED161}
		{956F40DE-6655-49E2-BE54-0A74F6DDB533} = {220C29CA-8675-4CBF-A380-6B4A244ED161}
		{F174732D-5A22-44EC-9B99-91A028B4DAFE} = {220C29CA-8675-4CBF-A380-6B4A244ED161}
	EndGlobalSection
	GlobalSection(ExtensibilityGlobals) = postSolution
		SolutionGuid = {A198DABB-1591-48CB-82AF-16D8123F3F21}
	EndGlobalSection
EndGlobal
